<?xml version="1.0" encoding="UTF-8"?>
<Scheme
   version = "1.3">
   <BuildAction>
      <BuildActionEntries>
         <BuildActionEntry
            buildForRunning = "YES">
            <BuildableReference
               BuildableIdentifier = "primary"
               BlueprintIdentifier = "31FBDC7D1FA2151A009C0389"
               BuildableName = "StarShareDevNetWorking.app"
               BlueprintName = "StarShareDevNetWorking"
               ReferencedContainer = "container:StarShareDevNetWorking.xcodeproj">
            </BuildableReference>
         </BuildActionEntry>
      </BuildActionEntries>
   </BuildAction>
   <LaunchAction
      useCustomWorkingDirectory = "NO"
      buildConfiguration = "Debug">
      <BuildableProductRunnable>
         <BuildableReference
            BuildableIdentifier = "primary"
            BlueprintIdentifier = "31FBDC7D1FA2151A009C0389"
            BuildableName = "StarShareDevNetWorking.app"
            BlueprintName = "StarShareDevNetWorking"
            ReferencedContainer = "container:StarShareDevNetWorking.xcodeproj">
         </BuildableReference>
      </BuildableProductRunnable>
   </LaunchAction>
</Scheme>
